
Microsoft Visual Studio Solution File, Format Version 12.00
# Visual Studio Version 17
VisualStudioVersion = 17.0.31903.59
MinimumVisualStudioVersion = 10.0.40219.1
Project("{2150E333-8FDC-42A3-9474-1A3956D46DE8}") = "src", "src", "{827E0CD3-B72D-47B6-A68D-7590B98EB39B}"
EndProject
Project("{FAE04EC0-301F-11D3-BF4B-00C04F79EFBC}") = "Legaria.Domain", "src\Legaria.Domain\Legaria.Domain.csproj", "{AE1A6BBE-69AF-4461-B3D9-AB1C3981BB8B}"
EndProject
Project("{FAE04EC0-301F-11D3-BF4B-00C04F79EFBC}") = "Legaria.Application", "src\Legaria.Application\Legaria.Application.csproj", "{21B6957F-6393-41B8-B9D1-2601EA7F9DA2}"
EndProject
Project("{FAE04EC0-301F-11D3-BF4B-00C04F79EFBC}") = "Legaria.Infrastructure", "src\Legaria.Infrastructure\Legaria.Infrastructure.csproj", "{4C755D30-8207-4287-9B61-AC2F489376BC}"
EndProject
Project("{FAE04EC0-301F-11D3-BF4B-00C04F79EFBC}") = "Legaria.API", "src\Legaria.API\Legaria.API.csproj", "{ED004EA4-0273-4B1B-BE36-6F0CC875E728}"
EndProject
Project("{2150E333-8FDC-42A3-9474-1A3956D46DE8}") = "tests", "tests", "{0AB3BF05-4346-4AA6-1389-037BE0695223}"
EndProject
Project("{FAE04EC0-301F-11D3-BF4B-00C04F79EFBC}") = "Legaria.UnitTests", "tests\Legaria.UnitTests\Legaria.UnitTests.csproj", "{BB1802BE-A8F9-410C-A6CC-8A6DBE48AF3F}"
EndProject
Project("{FAE04EC0-301F-11D3-BF4B-00C04F79EFBC}") = "Legaria.IntegrationTests", "tests\Legaria.IntegrationTests\Legaria.IntegrationTests.csproj", "{281AB96A-8A2E-45EB-ABAA-94F7D385A498}"
EndProject
Global
	GlobalSection(SolutionConfigurationPlatforms) = preSolution
		Debug|Any CPU = Debug|Any CPU
		Debug|x64 = Debug|x64
		Debug|x86 = Debug|x86
		Release|Any CPU = Release|Any CPU
		Release|x64 = Release|x64
		Release|x86 = Release|x86
	EndGlobalSection
	GlobalSection(ProjectConfigurationPlatforms) = postSolution
		{AE1A6BBE-69AF-4461-B3D9-AB1C3981BB8B}.Debug|Any CPU.ActiveCfg = Debug|Any CPU
		{AE1A6BBE-69AF-4461-B3D9-AB1C3981BB8B}.Debug|Any CPU.Build.0 = Debug|Any CPU
		{AE1A6BBE-69AF-4461-B3D9-AB1C3981BB8B}.Debug|x64.ActiveCfg = Debug|Any CPU
		{AE1A6BBE-69AF-4461-B3D9-AB1C3981BB8B}.Debug|x64.Build.0 = Debug|Any CPU
		{AE1A6BBE-69AF-4461-B3D9-AB1C3981BB8B}.Debug|x86.ActiveCfg = Debug|Any CPU
		{AE1A6BBE-69AF-4461-B3D9-AB1C3981BB8B}.Debug|x86.Build.0 = Debug|Any CPU
		{AE1A6BBE-69AF-4461-B3D9-AB1C3981BB8B}.Release|Any CPU.ActiveCfg = Release|Any CPU
		{AE1A6BBE-69AF-4461-B3D9-AB1C3981BB8B}.Release|Any CPU.Build.0 = Release|Any CPU
		{AE1A6BBE-69AF-4461-B3D9-AB1C3981BB8B}.Release|x64.ActiveCfg = Release|Any CPU
		{AE1A6BBE-69AF-4461-B3D9-AB1C3981BB8B}.Release|x64.Build.0 = Release|Any CPU
		{AE1A6BBE-69AF-4461-B3D9-AB1C3981BB8B}.Release|x86.ActiveCfg = Release|Any CPU
		{AE1A6BBE-69AF-4461-B3D9-AB1C3981BB8B}.Release|x86.Build.0 = Release|Any CPU
		{21B6957F-6393-41B8-B9D1-2601EA7F9DA2}.Debug|Any CPU.ActiveCfg = Debug|Any CPU
		{21B6957F-6393-41B8-B9D1-2601EA7F9DA2}.Debug|Any CPU.Build.0 = Debug|Any CPU
		{21B6957F-6393-41B8-B9D1-2601EA7F9DA2}.Debug|x64.ActiveCfg = Debug|Any CPU
		{21B6957F-6393-41B8-B9D1-2601EA7F9DA2}.Debug|x64.Build.0 = Debug|Any CPU
		{21B6957F-6393-41B8-B9D1-2601EA7F9DA2}.Debug|x86.ActiveCfg = Debug|Any CPU
		{21B6957F-6393-41B8-B9D1-2601EA7F9DA2}.Debug|x86.Build.0 = Debug|Any CPU
		{21B6957F-6393-41B8-B9D1-2601EA7F9DA2}.Release|Any CPU.ActiveCfg = Release|Any CPU
		{21B6957F-6393-41B8-B9D1-2601EA7F9DA2}.Release|Any CPU.Build.0 = Release|Any CPU
		{21B6957F-6393-41B8-B9D1-2601EA7F9DA2}.Release|x64.ActiveCfg = Release|Any CPU
		{21B6957F-6393-41B8-B9D1-2601EA7F9DA2}.Release|x64.Build.0 = Release|Any CPU
		{21B6957F-6393-41B8-B9D1-2601EA7F9DA2}.Release|x86.ActiveCfg = Release|Any CPU
		{21B6957F-6393-41B8-B9D1-2601EA7F9DA2}.Release|x86.Build.0 = Release|Any CPU
		{4C755D30-8207-4287-9B61-AC2F489376BC}.Debug|Any CPU.ActiveCfg = Debug|Any CPU
		{4C755D30-8207-4287-9B61-AC2F489376BC}.Debug|Any CPU.Build.0 = Debug|Any CPU
		{4C755D30-8207-4287-9B61-AC2F489376BC}.Debug|x64.ActiveCfg = Debug|Any CPU
		{4C755D30-8207-4287-9B61-AC2F489376BC}.Debug|x64.Build.0 = Debug|Any CPU
		{4C755D30-8207-4287-9B61-AC2F489376BC}.Debug|x86.ActiveCfg = Debug|Any CPU
		{4C755D30-8207-4287-9B61-AC2F489376BC}.Debug|x86.Build.0 = Debug|Any CPU
		{4C755D30-8207-4287-9B61-AC2F489376BC}.Release|Any CPU.ActiveCfg = Release|Any CPU
		{4C755D30-8207-4287-9B61-AC2F489376BC}.Release|Any CPU.Build.0 = Release|Any CPU
		{4C755D30-8207-4287-9B61-AC2F489376BC}.Release|x64.ActiveCfg = Release|Any CPU
		{4C755D30-8207-4287-9B61-AC2F489376BC}.Release|x64.Build.0 = Release|Any CPU
		{4C755D30-8207-4287-9B61-AC2F489376BC}.Release|x86.ActiveCfg = Release|Any CPU
		{4C755D30-8207-4287-9B61-AC2F489376BC}.Release|x86.Build.0 = Release|Any CPU
		{ED004EA4-0273-4B1B-BE36-6F0CC875E728}.Debug|Any CPU.ActiveCfg = Debug|Any CPU
		{ED004EA4-0273-4B1B-BE36-6F0CC875E728}.Debug|Any CPU.Build.0 = Debug|Any CPU
		{ED004EA4-0273-4B1B-BE36-6F0CC875E728}.Debug|x64.ActiveCfg = Debug|Any CPU
		{ED004EA4-0273-4B1B-BE36-6F0CC875E728}.Debug|x64.Build.0 = Debug|Any CPU
		{ED004EA4-0273-4B1B-BE36-6F0CC875E728}.Debug|x86.ActiveCfg = Debug|Any CPU
		{ED004EA4-0273-4B1B-BE36-6F0CC875E728}.Debug|x86.Build.0 = Debug|Any CPU
		{ED004EA4-0273-4B1B-BE36-6F0CC875E728}.Release|Any CPU.ActiveCfg = Release|Any CPU
		{ED004EA4-0273-4B1B-BE36-6F0CC875E728}.Release|Any CPU.Build.0 = Release|Any CPU
		{ED004EA4-0273-4B1B-BE36-6F0CC875E728}.Release|x64.ActiveCfg = Release|Any CPU
		{ED004EA4-0273-4B1B-BE36-6F0CC875E728}.Release|x64.Build.0 = Release|Any CPU
		{ED004EA4-0273-4B1B-BE36-6F0CC875E728}.Release|x86.ActiveCfg = Release|Any CPU
		{ED004EA4-0273-4B1B-BE36-6F0CC875E728}.Release|x86.Build.0 = Release|Any CPU
		{BB1802BE-A8F9-410C-A6CC-8A6DBE48AF3F}.Debug|Any CPU.ActiveCfg = Debug|Any CPU
		{BB1802BE-A8F9-410C-A6CC-8A6DBE48AF3F}.Debug|Any CPU.Build.0 = Debug|Any CPU
		{BB1802BE-A8F9-410C-A6CC-8A6DBE48AF3F}.Debug|x64.ActiveCfg = Debug|Any CPU
		{BB1802BE-A8F9-410C-A6CC-8A6DBE48AF3F}.Debug|x64.Build.0 = Debug|Any CPU
		{BB1802BE-A8F9-410C-A6CC-8A6DBE48AF3F}.Debug|x86.ActiveCfg = Debug|Any CPU
		{BB1802BE-A8F9-410C-A6CC-8A6DBE48AF3F}.Debug|x86.Build.0 = Debug|Any CPU
		{BB1802BE-A8F9-410C-A6CC-8A6DBE48AF3F}.Release|Any CPU.ActiveCfg = Release|Any CPU
		{BB1802BE-A8F9-410C-A6CC-8A6DBE48AF3F}.Release|Any CPU.Build.0 = Release|Any CPU
		{BB1802BE-A8F9-410C-A6CC-8A6DBE48AF3F}.Release|x64.ActiveCfg = Release|Any CPU
		{BB1802BE-A8F9-410C-A6CC-8A6DBE48AF3F}.Release|x64.Build.0 = Release|Any CPU
		{BB1802BE-A8F9-410C-A6CC-8A6DBE48AF3F}.Release|x86.ActiveCfg = Release|Any CPU
		{BB1802BE-A8F9-410C-A6CC-8A6DBE48AF3F}.Release|x86.Build.0 = Release|Any CPU
		{281AB96A-8A2E-45EB-ABAA-94F7D385A498}.Debug|Any CPU.ActiveCfg = Debug|Any CPU
		{281AB96A-8A2E-45EB-ABAA-94F7D385A498}.Debug|Any CPU.Build.0 = Debug|Any CPU
		{281AB96A-8A2E-45EB-ABAA-94F7D385A498}.Debug|x64.ActiveCfg = Debug|Any CPU
		{281AB96A-8A2E-45EB-ABAA-94F7D385A498}.Debug|x64.Build.0 = Debug|Any CPU
		{281AB96A-8A2E-45EB-ABAA-94F7D385A498}.Debug|x86.ActiveCfg = Debug|Any CPU
		{281AB96A-8A2E-45EB-ABAA-94F7D385A498}.Debug|x86.Build.0 = Debug|Any CPU
		{281AB96A-8A2E-45EB-ABAA-94F7D385A498}.Release|Any CPU.ActiveCfg = Release|Any CPU
		{281AB96A-8A2E-45EB-ABAA-94F7D385A498}.Release|Any CPU.Build.0 = Release|Any CPU
		{281AB96A-8A2E-45EB-ABAA-94F7D385A498}.Release|x64.ActiveCfg = Release|Any CPU
		{281AB96A-8A2E-45EB-ABAA-94F7D385A498}.Release|x64.Build.0 = Release|Any CPU
		{281AB96A-8A2E-45EB-ABAA-94F7D385A498}.Release|x86.ActiveCfg = Release|Any CPU
		{281AB96A-8A2E-45EB-ABAA-94F7D385A498}.Release|x86.Build.0 = Release|Any CPU
	EndGlobalSection
	GlobalSection(SolutionProperties) = preSolution
		HideSolutionNode = FALSE
	EndGlobalSection
	GlobalSection(NestedProjects) = preSolution
		{AE1A6BBE-69AF-4461-B3D9-AB1C3981BB8B} = {827E0CD3-B72D-47B6-A68D-7590B98EB39B}
		{21B6957F-6393-41B8-B9D1-2601EA7F9DA2} = {827E0CD3-B72D-47B6-A68D-7590B98EB39B}
		{4C755D30-8207-4287-9B61-AC2F489376BC} = {827E0CD3-B72D-47B6-A68D-7590B98EB39B}
		{ED004EA4-0273-4B1B-BE36-6F0CC875E728} = {827E0CD3-B72D-47B6-A68D-7590B98EB39B}
		{BB1802BE-A8F9-410C-A6CC-8A6DBE48AF3F} = {0AB3BF05-4346-4AA6-1389-037BE0695223}
		{281AB96A-8A2E-45EB-ABAA-94F7D385A498} = {0AB3BF05-4346-4AA6-1389-037BE0695223}
	EndGlobalSection
EndGlobal
